name: Fix v0.1.7 smoke block

on:
  push:
    branches:
      - agent/v0.1.7-minimap-floor-transform

permissions:
  contents: write

jobs:
  patch:
    runs-on: ubuntu-latest
    steps:
      - uses: actions/checkout@v4
        with:
          fetch-depth: 0
      - name: Repair smoke block
        shell: bash
        run: |
          echo 'ZnJvbSBwYXRobGliIGltcG9ydCBQYXRoCgpwYXRoID0gUGF0aCgic3JjL0p1bmh5dW5IZWxwZXIuRGVza3RvcC9NYWluV2luZG93LkxlZ2FjeU1hcEhvc3QuY3MiKQp0ZXh0ID0gcGF0aC5yZWFkX3RleHQoZW5jb2Rpbmc9InV0Zi04IikKb2xkID0gIiIiICAgICAgICBpZiAoIXN0cmluZy5FcXVhbHMoZmxvb3JCZWZvcmUsIGZsb29yVGV4dC5UZXh0LCBTdHJpbmdDb21wYXJpc29uLk9yZGluYWwpKQogICAgICAgIHsKICAgICAgICAgICAgdGhyb3cgbmV3IEludmFsaWRPcGVyYXRpb25FeGNlcHRpb24oCiAgICAgICAgICAgICAgICAkIk1pbmlNYXAgQeKGkkI64oaSQSBmbG9vciBjb21tYW5kIGRpZCBub3QgcmV0dXJuIHRvIHRoZSBvcmlnaW5hbCBmbG9vcjogIiArCiAgICAgICAgICAgICAgICAkJHtmbG9vckJlZm9yZX0gLT4gJHtmbG9vclRleHQuVGV4dH0uIik7CiAgICAgICAgfQoKICAgICAgICBBc3NlcnRNaW5pTWFwRmxvb3JUcmFuc2Zvcm1QcmVzZXJ2ZWQoCiAgICAgICAgICAgIG1pbmlNYXBTY2FsZSwKICAgICAgICAgICAgbWluaU1hcFRyYW5zbGF0ZSwKICAgICAgICAgICAgbWFwQ29udGFpbmVyLAogICAgICAgICAgICBvdmVybGF5LlNldHRpbmdzLAogICAgICAgICAgICBtaW5pU2NhbGVYQmVmb3JlLAogICAgICAgICAgICBtaW5pU2NhbGVZQmVmb3JlLAogICAgICAgICAgICBtaW5pVHJhbnNsYXRlWEJlZm9yZSwKICAgICAgICAgICAgbWluaVRyYW5zbGF0ZVlCZWZvcmUsCiAgICAgICAgICAgIG1pbmlDYW52YXNYQmVmb3JlLAogICAgICAgICAgICBtaW5pQ2FudmFzWUJlZm9yZSwKICAgICAgICAgICAgIkHihpJC4oKSQSIpOwoiIiIKbmV3ID0gIiIiICAgICAgICBpZiAoIXN0cmluZy5FcXVhbHMoZmxvb3JCZWZvcmUsIGZsb29yVGV4dC5UZXh0LCBTdHJpbmdDb21wYXJpc29uLk9yZGluYWwpKQogICAgICAgIHsKICAgICAgICAgICAgdGhyb3cgbmV3IEludmFsaWRPcGVyYXRpb25FeGNlcHRpb24oCiAgICAgICAgICAgICAgICAkIk1pbmlNYXAgQeKGkkLihpJBIGZsb29yIGNvbW1hbmQgZGlkIG5vdCByZXR1cm4gdG8gdGhlIG9yaWdpbmFsIGZsb29yOiAiICsKICAgICAgICAgICAgICAgICQie2Zsb29yQmVmb3JlfSAtPiB7Zmxvb3JUZXh0LlRleHR9LiIpOwogICAgICAgIH0KCiAgICAgICAgQXNzZXJ0TWluaU1hcEZsb29yVHJhbnNmb3JtUHJlc2VydmVkKAogICAgICAgICAgICBtaW5pTWFwU2NhbGUsCiAgICAgICAgICAgIG1pbmlNYXBUcmFuc2xhdGUsCiAgICAgICAgICAgIG1hcENvbnRhaW5lciwKICAgICAgICAgICAgb3ZlcmxheS5TZXR0aW5ncywKICAgICAgICAgICAgbWluaVNjYWxlWEJlZm9yZSwKICAgICAgICAgICAgbWluaVNjYWxlWUJlZm9yZSwKICAgICAgICAgICAgbWluaVRyYW5zbGF0ZVhCZWZvcmUsCiAgICAgICAgICAgIG1pbmlUcmFuc2xhdGVZQmVmb3JlLAogICAgICAgICAgICBtaW5pQ2FudmFzWEJlZm9yZSwKICAgICAgICAgICAgbWluaUNhbnZhc1lCZWZvcmUsCiAgICAgICAgICAgICJB4oaSQuKGkkEiKTsKIiIiCmlmIHRleHQuY291bnQob2xkKSAhPSAxOgogICAgcmFpc2UgU3lzdGVtRXhpdChmImV4cGVjdGVkIG1hbGZvcm1lZCBibG9jayBvbmNlLCBnb3Qge3RleHQuY291bnQob2xkKX0iKQpwYXRoLndyaXRlX3RleHQodGV4dC5yZXBsYWNlKG9sZCwgbmV3LCAxKSwgZW5jb2Rpbmc9InV0Zi04IikK' | base64 -d > /tmp/fix.py
          python /tmp/fix.py
      - name: Remove one-shot and commit
        shell: bash
        run: |
          rm .github/workflows/fix-v017-smoke-block.yml
          git config user.name "github-actions[bot]"
          git config user.email "41898282+github-actions[bot]@users.noreply.github.com"
          git add -A
          git commit -m "Repair MiniMap floor smoke assertions"
          git push
